{
  "originHash" : "adfe8078a70a4eee6354af2d99a550c82c33dab157ebaf48c17d97088f1406b9",
  "pins" : [
    {
      "identity" : "gymnazo",
      "kind" : "remoteSourceControl",
      "location" : "https://github.com/justindal/Gymnazo.git",
      "state" : {
        "branch" : "main",
        "revision" : "9f669d7a7fec865f626bc284bfc2da0a291d2a82"
      }
    },
    {
      "identity" : "mlx-swift",
      "kind" : "remoteSourceControl",
      "location" : "https://github.com/ml-explore/mlx-swift.git",
      "state" : {
        "revision" : "4dccaeda1d83cf8697f235d2786c2d72ad4bb925",
        "version" : "0.30.3"
      }
    },
    {
      "identity" : "swift-collections",
      "kind" : "remoteSourceControl",
      "location" : "https://github.com/apple/swift-collections.git",
      "state" : {
        "revision" : "7b847a3b7008b2dc2f47ca3110d8c782fb2e5c7e",
        "version" : "1.3.0"
      }
    },
    {
      "identity" : "swift-numerics",
      "kind" : "remoteSourceControl",
      "location" : "https://github.com/apple/swift-numerics",
      "state" : {
        "revision" : "0c0290ff6b24942dadb83a929ffaaa1481df04a2",
        "version" : "1.1.1"
      }
    }
  ],
  "version" : 3
}
